// !$*UTF8*$!
{
	archiveVersion = 1;
	classes = {
	};
	objectVersion = 52;
	objects = {

/* Begin PBXBuildFile section */
		47FB7BD02731E44000937571 /* AppDelegate.swift in Sources */ = {isa = PBXBuildFile; fileRef = 47FB7BCF2731E44000937571 /* AppDelegate.swift */; };
		47FB7BD22731E44000937571 /* SceneDelegate.swift in Sources */ = {isa = PBXBuildFile; fileRef = 47FB7BD12731E44000937571 /* SceneDelegate.swift */; };
		47FB7BD42731E44000937571 /* ViewController.swift in Sources */ = {isa = PBXBuildFile; fileRef = 47FB7BD32731E44000937571 /* ViewController.swift */; };
		47FB7BD72731E44000937571 /* Main.storyboard in Resources */ = {isa = PBXBuildFile; fileRef = 47FB7BD52731E44000937571 /* Main.storyboard */; };
		47FB7BD92731E44500937571 /* Assets.xcassets in Resources */ = {isa = PBXBuildFile; fileRef = 47FB7BD82731E44500937571 /* Assets.xcassets */; };
		47FB7BDC2731E44500937571 /* LaunchScreen.storyboard in Resources */ = {isa = PBXBuildFile; fileRef = 47FB7BDA2731E44500937571 /* LaunchScreen.storyboard */; };
		47FB7BE62731EDA900937571 /* NetworkingData.swift in Sources */ = {isa = PBXBuildFile; fileRef = 47FB7BE52731EDA900937571 /* NetworkingData.swift */; };
		47FB7BE82731EE8100937571 /* LoginData.swift in Sources */ = {isa = PBXBuildFile; fileRef = 47FB7BE72731EE8100937571 /* LoginData.swift */; };
		47FB7BEA2731EE9000937571 /* LoginService.swift in Sources */ = {isa = PBXBuildFile; fileRef = 47FB7BE92731EE9000937571 /* LoginService.swift */; };
		47FB7BEF2732146A00937571 /* CarruselData.swift in Sources */ = {isa = PBXBuildFile; fileRef = 47FB7BEE2732146A00937571 /* CarruselData.swift */; };
		47FB7BF12732147500937571 /* CarruselService.swift in Sources */ = {isa = PBXBuildFile; fileRef = 47FB7BF02732147500937571 /* CarruselService.swift */; };
		47FB7BF427321FFA00937571 /* CarruselCell.swift in Sources */ = {isa = PBXBuildFile; fileRef = 47FB7BF327321FFA00937571 /* CarruselCell.swift */; };
		47FB7BFA2732578F00937571 /* CarruselesViewController.swift in Sources */ = {isa = PBXBuildFile; fileRef = 47FB7BF92732578F00937571 /* CarruselesViewController.swift */; };
		47FB7BFD2732744000937571 /* Kingfisher in Frameworks */ = {isa = PBXBuildFile; productRef = 47FB7BFC2732744000937571 /* Kingfisher */; };
		47FB7BFF27331D7E00937571 /* Carruseles2ViewController.swift in Sources */ = {isa = PBXBuildFile; fileRef = 47FB7BFE27331D7E00937571 /* Carruseles2ViewController.swift */; };
/* End PBXBuildFile section */

/* Begin PBXFileReference section */
		47FB7BCC2731E44000937571 /* Toolbox Test.app */ = {isa = PBXFileReference; explicitFileType = wrapper.application; includeInIndex = 0; path = "Toolbox Test.app"; sourceTree = BUILT_PRODUCTS_DIR; };
		47FB7BCF2731E44000937571 /* AppDelegate.swift */ = {isa = PBXFileReference; lastKnownFileType = sourcecode.swift; path = AppDelegate.swift; sourceTree = "<group>"; };
		47FB7BD12731E44000937571 /* SceneDelegate.swift */ = {isa = PBXFileReference; lastKnownFileType = sourcecode.swift; path = SceneDelegate.swift; sourceTree = "<group>"; };
		47FB7BD32731E44000937571 /* ViewController.swift */ = {isa = PBXFileReference; lastKnownFileType = sourcecode.swift; path = ViewController.swift; sourceTree = "<group>"; };
		47FB7BD62731E44000937571 /* Base */ = {isa = PBXFileReference; lastKnownFileType = file.storyboard; name = Base; path = Base.lproj/Main.storyboard; sourceTree = "<group>"; };
		47FB7BD82731E44500937571 /* Assets.xcassets */ = {isa = PBXFileReference; lastKnownFileType = folder.assetcatalog; path = Assets.xcassets; sourceTree = "<group>"; };
		47FB7BDB2731E44500937571 /* Base */ = {isa = PBXFileReference; lastKnownFileType = file.storyboard; name = Base; path = Base.lproj/LaunchScreen.storyboard; sourceTree = "<group>"; };
		47FB7BDD2731E44500937571 /* Info.plist */ = {isa = PBXFileReference; lastKnownFileType = text.plist.xml; path = Info.plist; sourceTree = "<group>"; };
		47FB7BE52731EDA900937571 /* NetworkingData.swift */ = {isa = PBXFileReference; lastKnownFileType = sourcecode.swift; path = NetworkingData.swift; sourceTree = "<group>"; };
		47FB7BE72731EE8100937571 /* LoginData.swift */ = {isa = PBXFileReference; lastKnownFileType = sourcecode.swift; path = LoginData.swift; sourceTree = "<group>"; };
		47FB7BE92731EE9000937571 /* LoginService.swift */ = {isa = PBXFileReference; lastKnownFileType = sourcecode.swift; path = LoginService.swift; sourceTree = "<group>"; };
		47FB7BEE2732146A00937571 /* CarruselData.swift */ = {isa = PBXFileReference; lastKnownFileType = sourcecode.swift; path = CarruselData.swift; sourceTree = "<group>"; };
		47FB7BF02732147500937571 /* CarruselService.swift */ = {isa = PBXFileReference; lastKnownFileType = sourcecode.swift; path = CarruselService.swift; sourceTree = "<group>"; };
		47FB7BF327321FFA00937571 /* CarruselCell.swift */ = {isa = PBXFileReference; lastKnownFileType = sourcecode.swift; path = CarruselCell.swift; sourceTree = "<group>"; };
		47FB7BF92732578F00937571 /* CarruselesViewController.swift */ = {isa = PBXFileReference; lastKnownFileType = sourcecode.swift; path = CarruselesViewController.swift; sourceTree = "<group>"; };
		47FB7BFE27331D7E00937571 /* Carruseles2ViewController.swift */ = {isa = PBXFileReference; lastKnownFileType = sourcecode.swift; path = Carruseles2ViewController.swift; sourceTree = "<group>"; };
/* End PBXFileReference section */

/* Begin PBXFrameworksBuildPhase section */
		47FB7BC92731E44000937571 /* Frameworks */ = {
			isa = PBXFrameworksBuildPhase;
			buildActionMask = 2147483647;
			files = (
				47FB7BFD2732744000937571 /* Kingfisher in Frameworks */,
			);
			runOnlyForDeploymentPostprocessing = 0;
		};
/* End PBXFrameworksBuildPhase section */

/* Begin PBXGroup section */
		47FB7BC32731E44000937571 = {
			isa = PBXGroup;
			children = (
				47FB7BCE2731E44000937571 /* Toolbox Test */,
				47FB7BCD2731E44000937571 /* Products */,
			);
			sourceTree = "<group>";
		};
		47FB7BCD2731E44000937571 /* Products */ = {
			isa = PBXGroup;
			children = (
				47FB7BCC2731E44000937571 /* Toolbox Test.app */,
			);
			name = Products;
			sourceTree = "<group>";
		};
		47FB7BCE2731E44000937571 /* Toolbox Test */ = {
			isa = PBXGroup;
			children = (
				47FB7BCF2731E44000937571 /* AppDelegate.swift */,
				47FB7BD12731E44000937571 /* SceneDelegate.swift */,
				47FB7C012733271300937571 /* Storyboards */,
				47FB7C00273326FC00937571 /* Controller */,
				47FB7BF227321FB100937571 /* View */,
				47FB7BE32731ED7700937571 /* Model */,
				47FB7BD82731E44500937571 /* Assets.xcassets */,
				47FB7BDD2731E44500937571 /* Info.plist */,
			);
			path = "Toolbox Test";
			sourceTree = "<group>";
		};
		47FB7BE32731ED7700937571 /* Model */ = {
			isa = PBXGroup;
			children = (
				47FB7BED2732081300937571 /* Carrusel */,
				47FB7BE42731ED8800937571 /* Login */,
				47FB7BE52731EDA900937571 /* NetworkingData.swift */,
			);
			path = Model;
			sourceTree = "<group>";
		};
		47FB7BE42731ED8800937571 /* Login */ = {
			isa = PBXGroup;
			children = (
				47FB7BE72731EE8100937571 /* LoginData.swift */,
				47FB7BE92731EE9000937571 /* LoginService.swift */,
			);
			path = Login;
			sourceTree = "<group>";
		};
		47FB7BED2732081300937571 /* Carrusel */ = {
			isa = PBXGroup;
			children = (
				47FB7BEE2732146A00937571 /* CarruselData.swift */,
				47FB7BF02732147500937571 /* CarruselService.swift */,
			);
			path = Carrusel;
			sourceTree = "<group>";
		};
		47FB7BF227321FB100937571 /* View */ = {
			isa = PBXGroup;
			children = (
				47FB7BF327321FFA00937571 /* CarruselCell.swift */,
			);
			path = View;
			sourceTree = "<group>";
		};
		47FB7C00273326FC00937571 /* Controller */ = {
			isa = PBXGroup;
			children = (
				47FB7BD32731E44000937571 /* ViewController.swift */,
				47FB7BF92732578F00937571 /* CarruselesViewController.swift */,
				47FB7BFE27331D7E00937571 /* Carruseles2ViewController.swift */,
			);
			path = Controller;
			sourceTree = "<group>";
		};
		47FB7C012733271300937571 /* Storyboards */ = {
			isa = PBXGroup;
			children = (
				47FB7BD52731E44000937571 /* Main.storyboard */,
				47FB7BDA2731E44500937571 /* LaunchScreen.storyboard */,
			);
			path = Storyboards;
			sourceTree = "<group>";
		};
/* End PBXGroup section */

/* Begin PBXNativeTarget section */
		47FB7BCB2731E44000937571 /* Toolbox Test */ = {
			isa = PBXNativeTarget;
			buildConfigurationList = 47FB7BE02731E44500937571 /* Build configuration list for PBXNativeTarget "Toolbox Test" */;
			buildPhases = (
				47FB7BC82731E44000937571 /* Sources */,
				47FB7BC92731E44000937571 /* Frameworks */,
				47FB7BCA2731E44000937571 /* Resources */,
			);
			buildRules = (
			);
			dependencies = (
			);
			name = "Toolbox Test";
			packageProductDependencies = (
				47FB7BFC2732744000937571 /* Kingfisher */,
			);
			productName = "Toolbox Test";
			productReference = 47FB7BCC2731E44000937571 /* Toolbox Test.app */;
			productType = "com.apple.product-type.application";
		};
/* End PBXNativeTarget section */

/* Begin PBXProject section */
		47FB7BC42731E44000937571 /* Project object */ = {
			isa = PBXProject;
			attributes = {
				LastSwiftUpdateCheck = 1250;
				LastUpgradeCheck = 1250;
				TargetAttributes = {
					47FB7BCB2731E44000937571 = {
						CreatedOnToolsVersion = 12.5;
					};
				};
			};
			buildConfigurationList = 47FB7BC72731E44000937571 /* Build configuration list for PBXProject "Toolbox Test" */;
			compatibilityVersion = "Xcode 9.3";
			developmentRegion = en;
			hasScannedForEncodings = 0;
			knownRegions = (
				en,
				Base,
			);
			mainGroup = 47FB7BC32731E44000937571;
			packageReferences = (
				47FB7BFB2732744000937571 /* XCRemoteSwiftPackageReference "Kingfisher" */,
			);
			productRefGroup = 47FB7BCD2731E44000937571 /* Products */;
			projectDirPath = "";
			projectRoot = "";
			targets = (
				47FB7BCB2731E44000937571 /* Toolbox Test */,
			);
		};
/* End PBXProject section */

/* Begin PBXResourcesBuildPhase section */
		47FB7BCA2731E44000937571 /* Resources */ = {
			isa = PBXResourcesBuildPhase;
			buildActionMask = 2147483647;
			files = (
				47FB7BDC2731E44500937571 /* LaunchScreen.storyboard in Resources */,
				47FB7BD92731E44500937571 /* Assets.xcassets in Resources */,
				47FB7BD72731E44000937571 /* Main.storyboard in Resources */,
			);
			runOnlyForDeploymentPostprocessing = 0;
		};
/* End PBXResourcesBuildPhase section */

/* Begin PBXSourcesBuildPhase section */
		47FB7BC82731E44000937571 /* Sources */ = {
			isa = PBXSourcesBuildPhase;
			buildActionMask = 2147483647;
			files = (
				47FB7BEF2732146A00937571 /* CarruselData.swift in Sources */,
				47FB7BF427321FFA00937571 /* CarruselCell.swift in Sources */,
				47FB7BD42731E44000937571 /* ViewController.swift in Sources */,
				47FB7BEA2731EE9000937571 /* LoginService.swift in Sources */,
				47FB7BE82731EE8100937571 /* LoginData.swift in Sources */,
				47FB7BFF27331D7E00937571 /* Carruseles2ViewController.swift in Sources */,
				47FB7BF12732147500937571 /* CarruselService.swift in Sources */,
				47FB7BE62731EDA900937571 /* NetworkingData.swift in Sources */,
				47FB7BD02731E44000937571 /* AppDelegate.swift in Sources */,
				47FB7BD22731E44000937571 /* SceneDelegate.swift in Sources */,
				47FB7BFA2732578F00937571 /* CarruselesViewController.swift in Sources */,
			);
			runOnlyForDeploymentPostprocessing = 0;
		};
/* End PBXSourcesBuildPhase section */

/* Begin PBXVariantGroup section */
		47FB7BD52731E44000937571 /* Main.storyboard */ = {
			isa = PBXVariantGroup;
			children = (
				47FB7BD62731E44000937571 /* Base */,
			);
			name = Main.storyboard;
			sourceTree = "<group>";
		};
		47FB7BDA2731E44500937571 /* LaunchScreen.storyboard */ = {
			isa = PBXVariantGroup;
			children = (
				47FB7BDB2731E44500937571 /* Base */,
			);
			name = LaunchScreen.storyboard;
			sourceTree = "<group>";
		};
/* End PBXVariantGroup section */

/* Begin XCBuildConfiguration section */
		47FB7BDE2731E44500937571 /* Debug */ = {
			isa = XCBuildConfiguration;
			buildSettings = {
				ALWAYS_SEARCH_USER_PATHS = NO;
				CLANG_ANALYZER_NONNULL = YES;
				CLANG_ANALYZER_NUMBER_OBJECT_CONVERSION = YES_AGGRESSIVE;
				CLANG_CXX_LANGUAGE_STANDARD = "gnu++14";
				CLANG_CXX_LIBRARY = "libc++";
				CLANG_ENABLE_MODULES = YES;
				CLANG_ENABLE_OBJC_ARC = YES;
				CLANG_ENABLE_OBJC_WEAK = YES;
				CLANG_WARN_BLOCK_CAPTURE_AUTORELEASING = YES;
				CLANG_WARN_BOOL_CONVERSION = YES;
				CLANG_WARN_COMMA = YES;
				CLANG_WARN_CONSTANT_CONVERSION = YES;
				CLANG_WARN_DEPRECATED_OBJC_IMPLEMENTATIONS = YES;
				CLANG_WARN_DIRECT_OBJC_ISA_USAGE = YES_ERROR;
				CLANG_WARN_DOCUMENTATION_COMMENTS = YES;
				CLANG_WARN_EMPTY_BODY = YES;
				CLANG_WARN_ENUM_CONVERSION = YES;
				CLANG_WARN_INFINITE_RECURSION = YES;
				CLANG_WARN_INT_CONVERSION = YES;
				CLANG_WARN_NON_LITERAL_NULL_CONVERSION = YES;
				CLANG_WARN_OBJC_IMPLICIT_RETAIN_SELF = YES;
				CLANG_WARN_OBJC_LITERAL_CONVERSION = YES;
				CLANG_WARN_OBJC_ROOT_CLASS = YES_ERROR;
				CLANG_WARN_QUOTED_INCLUDE_IN_FRAMEWORK_HEADER = YES;
				CLANG_WARN_RANGE_LOOP_ANALYSIS = YES;
				CLANG_WARN_STRICT_PROTOTYPES = YES;
				CLANG_WARN_SUSPICIOUS_MOVE = YES;
				CLANG_WARN_UNGUARDED_AVAILABILITY = YES_AGGRESSIVE;
				CLANG_WARN_UNREACHABLE_CODE = YES;
				CLANG_WARN__DUPLICATE_METHOD_MATCH = YES;
				COPY_PHASE_STRIP = NO;
				DEBUG_INFORMATION_FORMAT = dwarf;
				ENABLE_STRICT_OBJC_MSGSEND = YES;
				ENABLE_TESTABILITY = YES;
				GCC_C_LANGUAGE_STANDARD = gnu11;
				GCC_DYNAMIC_NO_PIC = NO;
				GCC_NO_COMMON_BLOCKS = YES;
				GCC_OPTIMIZATION_LEVEL = 0;
				GCC_PREPROCESSOR_DEFINITIONS = (
					"DEBUG=1",
					"$(inherited)",
				);
				GCC_WARN_64_TO_32_BIT_CONVERSION = YES;
				GCC_WARN_ABOUT_RETURN_TYPE = YES_ERROR;
				GCC_WARN_UNDECLARED_SELECTOR = YES;
				GCC_WARN_UNINITIALIZED_AUTOS = YES_AGGRESSIVE;
				GCC_WARN_UNUSED_FUNCTION = YES;
				GCC_WARN_UNUSED_VARIABLE = YES;
				IPHONEOS_DEPLOYMENT_TARGET = 14.5;
				MTL_ENABLE_DEBUG_INFO = INCLUDE_SOURCE;
				MTL_FAST_MATH = YES;
				ONLY_ACTIVE_ARCH = YES;
				SDKROOT = iphoneos;
				SWIFT_ACTIVE_COMPILATION_CONDITIONS = DEBUG;
				SWIFT_OPTIMIZATION_LEVEL = "-Onone";
			};
			name = Debug;
		};
		47FB7BDF2731E44500937571 /* Release */ = {
			isa = XCBuildConfiguration;
			buildSettings = {
				ALWAYS_SEARCH_USER_PATHS = NO;
				CLANG_ANALYZER_NONNULL = YES;
				CLANG_ANALYZER_NUMBER_OBJECT_CONVERSION = YES_AGGRESSIVE;
				CLANG_CXX_LANGUAGE_STANDARD = "gnu++14";
				CLANG_CXX_LIBRARY = "libc++";
				CLANG_ENABLE_MODULES = YES;
				CLANG_ENABLE_OBJC_ARC = YES;
				CLANG_ENABLE_OBJC_WEAK = YES;
				CLANG_WARN_BLOCK_CAPTURE_AUTORELEASING = YES;
				CLANG_WARN_BOOL_CONVERSION = YES;
				CLANG_WARN_COMMA = YES;
				CLANG_WARN_CONSTANT_CONVERSION = YES;
				CLANG_WARN_DEPRECATED_OBJC_IMPLEMENTATIONS = YES;
				CLANG_WARN_DIRECT_OBJC_ISA_USAGE = YES_ERROR;
				CLANG_WARN_DOCUMENTATION_COMMENTS = YES;
				CLANG_WARN_EMPTY_BODY = YES;
				CLANG_WARN_ENUM_CONVERSION = YES;
				CLANG_WARN_INFINITE_RECURSION = YES;
				CLANG_WARN_INT_CONVERSION = YES;
				CLANG_WARN_NON_LITERAL_NULL_CONVERSION = YES;
				CLANG_WARN_OBJC_IMPLICIT_RETAIN_SELF = YES;
				CLANG_WARN_OBJC_LITERAL_CONVERSION = YES;
				CLANG_WARN_OBJC_ROOT_CLASS = YES_ERROR;
				CLANG_WARN_QUOTED_INCLUDE_IN_FRAMEWORK_HEADER = YES;
				CLANG_WARN_RANGE_LOOP_ANALYSIS = YES;
				CLANG_WARN_STRICT_PROTOTYPES = YES;
				CLANG_WARN_SUSPICIOUS_MOVE = YES;
				CLANG_WARN_UNGUARDED_AVAILABILITY = YES_AGGRESSIVE;
				CLANG_WARN_UNREACHABLE_CODE = YES;
				CLANG_WARN__DUPLICATE_METHOD_MATCH = YES;
				COPY_PHASE_STRIP = NO;
				DEBUG_INFORMATION_FORMAT = "dwarf-with-dsym";
				ENABLE_NS_ASSERTIONS = NO;
				ENABLE_STRICT_OBJC_MSGSEND = YES;
				GCC_C_LANGUAGE_STANDARD = gnu11;
				GCC_NO_COMMON_BLOCKS = YES;
				GCC_WARN_64_TO_32_BIT_CONVERSION = YES;
				GCC_WARN_ABOUT_RETURN_TYPE = YES_ERROR;
				GCC_WARN_UNDECLARED_SELECTOR = YES;
				GCC_WARN_UNINITIALIZED_AUTOS = YES_AGGRESSIVE;
				GCC_WARN_UNUSED_FUNCTION = YES;
				GCC_WARN_UNUSED_VARIABLE = YES;
				IPHONEOS_DEPLOYMENT_TARGET = 14.5;
				MTL_ENABLE_DEBUG_INFO = NO;
				MTL_FAST_MATH = YES;
				SDKROOT = iphoneos;
				SWIFT_COMPILATION_MODE = wholemodule;
				SWIFT_OPTIMIZATION_LEVEL = "-O";
				VALIDATE_PRODUCT = YES;
			};
			name = Release;
		};
		47FB7BE12731E44500937571 /* Debug */ = {
			isa = XCBuildConfiguration;
			buildSettings = {
				ASSETCATALOG_COMPILER_APPICON_NAME = AppIcon;
				ASSETCATALOG_COMPILER_GLOBAL_ACCENT_COLOR_NAME = AccentColor;
				CODE_SIGN_STYLE = Automatic;
				DEVELOPMENT_TEAM = HY9GH8ZDEF;
				INFOPLIST_FILE = "Toolbox Test/Info.plist";
				LD_RUNPATH_SEARCH_PATHS = (
					"$(inherited)",
					"@executable_path/Frameworks",
				);
				PRODUCT_BUNDLE_IDENTIFIER = "prueba.Toolbox-Test";
				PRODUCT_NAME = "$(TARGET_NAME)";
				SWIFT_VERSION = 5.0;
				TARGETED_DEVICE_FAMILY = "1,2";
			};
			name = Debug;
		};
		47FB7BE22731E44500937571 /* Release */ = {
			isa = XCBuildConfiguration;
			buildSettings = {
				ASSETCATALOG_COMPILER_APPICON_NAME = AppIcon;
				ASSETCATALOG_COMPILER_GLOBAL_ACCENT_COLOR_NAME = AccentColor;
				CODE_SIGN_STYLE = Automatic;
				DEVELOPMENT_TEAM = HY9GH8ZDEF;
				INFOPLIST_FILE = "Toolbox Test/Info.plist";
				LD_RUNPATH_SEARCH_PATHS = (
					"$(inherited)",
					"@executable_path/Frameworks",
				);
				PRODUCT_BUNDLE_IDENTIFIER = "prueba.Toolbox-Test";
				PRODUCT_NAME = "$(TARGET_NAME)";
				SWIFT_VERSION = 5.0;
				TARGETED_DEVICE_FAMILY = "1,2";
			};
			name = Release;
		};
/* End XCBuildConfiguration section */

/* Begin XCConfigurationList section */
		47FB7BC72731E44000937571 /* Build configuration list for PBXProject "Toolbox Test" */ = {
			isa = XCConfigurationList;
			buildConfigurations = (
				47FB7BDE2731E44500937571 /* Debug */,
				47FB7BDF2731E44500937571 /* Release */,
			);
			defaultConfigurationIsVisible = 0;
			defaultConfigurationName = Release;
		};
		47FB7BE02731E44500937571 /* Build configuration list for PBXNativeTarget "Toolbox Test" */ = {
			isa = XCConfigurationList;
			buildConfigurations = (
				47FB7BE12731E44500937571 /* Debug */,
				47FB7BE22731E44500937571 /* Release */,
			);
			defaultConfigurationIsVisible = 0;
			defaultConfigurationName = Release;
		};
/* End XCConfigurationList section */

/* Begin XCRemoteSwiftPackageReference section */
		47FB7BFB2732744000937571 /* XCRemoteSwiftPackageReference "Kingfisher" */ = {
			isa = XCRemoteSwiftPackageReference;
			repositoryURL = "https://github.com/onevcat/Kingfisher.git";
			requirement = {
				kind = upToNextMajorVersion;
				minimumVersion = 7.0.0;
			};
		};
/* End XCRemoteSwiftPackageReference section */

/* Begin XCSwiftPackageProductDependency section */
		47FB7BFC2732744000937571 /* Kingfisher */ = {
			isa = XCSwiftPackageProductDependency;
			package = 47FB7BFB2732744000937571 /* XCRemoteSwiftPackageReference "Kingfisher" */;
			productName = Kingfisher;
		};
/* End XCSwiftPackageProductDependency section */
	};
	rootObject = 47FB7BC42731E44000937571 /* Project object */;
}
